
Microsoft Visual Studio Solution File, Format Version 11.00
# Visual Studio 2010
Project("{FAE04EC0-301F-11D3-BF4B-00C04F79EFBC}") = "Vnc", "Vnc\Vnc.csproj", "{BD9CDC2B-51C9-4F30-A790-435C974D3AB6}"
EndProject
Global
	GlobalSection(SolutionConfigurationPlatforms) = preSolution
		Debug|x86 = Debug|x86
		Release|x86 = Release|x86
	EndGlobalSection
	GlobalSection(ProjectConfigurationPlatforms) = postSolution
		{BD9CDC2B-51C9-4F30-A790-435C974D3AB6}.Debug|x86.ActiveCfg = Debug|x86
		{BD9CDC2B-51C9-4F30-A790-435C974D3AB6}.Debug|x86.Build.0 = Debug|x86
		{BD9CDC2B-51C9-4F30-A790-435C974D3AB6}.Release|x86.ActiveCfg = Release|x86
		{BD9CDC2B-51C9-4F30-A790-435C974D3AB6}.Release|x86.Build.0 = Release|x86
	EndGlobalSection
	GlobalSection(SolutionProperties) = preSolution
		HideSolutionNode = FALSE
	EndGlobalSection
EndGlobal
