
Microsoft Visual Studio Solution File, Format Version 12.00
# Visual Studio 15
VisualStudioVersion = 15.0.27428.2037
MinimumVisualStudioVersion = 10.0.40219.1
Project("{FAE04EC0-301F-11D3-BF4B-00C04F79EFBC}") = "07RandomNumber", "07RandomNumber\07RandomNumber.csproj", "{1FB88892-7D9E-44CC-8530-D63B57AB1EFE}"
EndProject
Project("{FAE04EC0-301F-11D3-BF4B-00C04F79EFBC}") = "08Switch", "08Switch\08Switch.csproj", "{7031F49E-B0C0-4174-8FBD-98EDA65369BB}"
EndProject
Project("{FAE04EC0-301F-11D3-BF4B-00C04F79EFBC}") = "09SwitchCoffeeShop", "09SwitchCoffeeShop\09SwitchCoffeeShop.csproj", "{A0AA9F29-16BC-4857-9131-710AF44BC627}"
EndProject
Project("{FAE04EC0-301F-11D3-BF4B-00C04F79EFBC}") = "10SwitchCalculator", "10SwitchCalculator\10SwitchCalculator.csproj", "{1D8B32A0-0AC6-4663-BA46-B83819B20D99}"
EndProject
Project("{FAE04EC0-301F-11D3-BF4B-00C04F79EFBC}") = "11For", "11For\11For.csproj", "{A95EBDEC-C300-4244-8D77-F364C38A6030}"
EndProject
Project("{FAE04EC0-301F-11D3-BF4B-00C04F79EFBC}") = "12ForNumbers", "12ForNumbers\12ForNumbers.csproj", "{D81FF9FE-FA31-40F8-97CA-3F890957C954}"
EndProject
Project("{FAE04EC0-301F-11D3-BF4B-00C04F79EFBC}") = "13ForTenNumbers", "13ForTenNumbers\13ForTenNumbers.csproj", "{DD47501E-D566-4805-BCDD-3CEEC9F40E60}"
EndProject
Project("{FAE04EC0-301F-11D3-BF4B-00C04F79EFBC}") = "14WhileLoop", "14WhileLoop\14WhileLoop.csproj", "{7F885305-79F3-4322-B374-4B472A9597B8}"
EndProject
Project("{FAE04EC0-301F-11D3-BF4B-00C04F79EFBC}") = "15WhileSquareRoot", "15WhileSquareRoot\15WhileSquareRoot.csproj", "{E871902D-1EB7-4BEF-BC6C-DB02ED2DB84C}"
EndProject
Project("{FAE04EC0-301F-11D3-BF4B-00C04F79EFBC}") = "16RowColumn", "16RowColumn\16RowColumn.csproj", "{397FD9E3-688E-4B49-B685-C9DE53B471DC}"
EndProject
Project("{FAE04EC0-301F-11D3-BF4B-00C04F79EFBC}") = "17DiamondPattern", "17DiamondPattern\17DiamondPattern.csproj", "{6CE72EE4-9B05-47A0-B1B7-C801BC025C40}"
EndProject
Project("{FAE04EC0-301F-11D3-BF4B-00C04F79EFBC}") = "18ArraysIntro", "18ArraysIntro\18ArraysIntro.csproj", "{8DDA0F7C-67A6-448D-B628-990ACF81138D}"
EndProject
Project("{FAE04EC0-301F-11D3-BF4B-00C04F79EFBC}") = "19MultiDimArrays", "19MultiDimArrays\19MultiDimArrays.csproj", "{B918D5DD-4463-4585-B77B-778257102AA3}"
EndProject
Project("{FAE04EC0-301F-11D3-BF4B-00C04F79EFBC}") = "20ArraysReverse", "20ArraysReverse\20ArraysReverse.csproj", "{ACFD12DB-D094-4896-9DCB-72A73D6347EA}"
EndProject
Project("{FAE04EC0-301F-11D3-BF4B-00C04F79EFBC}") = "21ArraysMinMax", "21ArraysMinMax\21ArraysMinMax.csproj", "{B991A49D-ABB7-4D40-BE9B-A6A8EA83B419}"
EndProject
Project("{FAE04EC0-301F-11D3-BF4B-00C04F79EFBC}") = "22ArraySorting", "22ArraySorting\22ArraySorting.csproj", "{2978AD73-4E38-406F-BD98-F10AD6743526}"
EndProject
Project("{FAE04EC0-301F-11D3-BF4B-00C04F79EFBC}") = "23Functions", "23Functions\23Functions.csproj", "{409F5598-8215-4D26-A994-7FBD521BC059}"
EndProject
Project("{FAE04EC0-301F-11D3-BF4B-00C04F79EFBC}") = "24OutAndRef", "24OutAndRef\24OutAndRef.csproj", "{B643AE93-54C2-4957-AB94-2FC3A5791501}"
EndProject
Project("{FAE04EC0-301F-11D3-BF4B-00C04F79EFBC}") = "25RefFunction", "25RefFunction\25RefFunction.csproj", "{4E14AB65-8EA0-4AF9-834C-0CE33E266A07}"
EndProject
Project("{FAE04EC0-301F-11D3-BF4B-00C04F79EFBC}") = "26FunctionOverload", "26FunctionOverload\26FunctionOverload.csproj", "{1AEB7040-3D62-4E34-8A34-E9DE3AEE68E4}"
EndProject
Project("{FAE04EC0-301F-11D3-BF4B-00C04F79EFBC}") = "27OverloadedMethod", "27OverloadedMethod\27OverloadedMethod.csproj", "{6B4554CE-4079-4A50-ADA0-0CD95AC7E91D}"
EndProject
Project("{FAE04EC0-301F-11D3-BF4B-00C04F79EFBC}") = "28AbsoluteSum", "28AbsoluteSum\28AbsoluteSum.csproj", "{8F1E1070-6821-4D5C-A46B-1059153FE907}"
EndProject
Project("{FAE04EC0-301F-11D3-BF4B-00C04F79EFBC}") = "29Params", "29Params\29Params.csproj", "{A7404F8C-686C-4332-81BF-BD18C7A9FCCF}"
EndProject
Project("{FAE04EC0-301F-11D3-BF4B-00C04F79EFBC}") = "30ParamsMaximum", "30ParamsMaximum\30ParamsMaximum.csproj", "{E7A2214B-2628-4478-8E88-F140C3B6C3D0}"
EndProject
Project("{FAE04EC0-301F-11D3-BF4B-00C04F79EFBC}") = "31OptionalAddition", "31OptionalAddition\31OptionalAddition.csproj", "{12D13623-FB40-4610-9F63-6AEFB4700950}"
EndProject
Project("{FAE04EC0-301F-11D3-BF4B-00C04F79EFBC}") = "32CompositeFunction", "32CompositeFunction\32CompositeFunction.csproj", "{03E9E987-8F74-4411-9D58-ECC81BBA774C}"
EndProject
Project("{FAE04EC0-301F-11D3-BF4B-00C04F79EFBC}") = "33CompositeFunction2", "33CompositeFunction2\33CompositeFunction2.csproj", "{D0B535B5-B8CA-4A68-B14D-C87634224289}"
EndProject
Project("{FAE04EC0-301F-11D3-BF4B-00C04F79EFBC}") = "34RecursiveFunction", "34RecursiveFunction\34RecursiveFunction.csproj", "{55528E61-A667-4112-A98D-F357DCF2C465}"
EndProject
Project("{FAE04EC0-301F-11D3-BF4B-00C04F79EFBC}") = "35Fibonacci", "35Fibonacci\35Fibonacci.csproj", "{00123577-3257-4FA8-8615-C2F4AF7EAB9A}"
EndProject
Project("{FAE04EC0-301F-11D3-BF4B-00C04F79EFBC}") = "36Classes", "36Classes\36Classes.csproj", "{FECF9696-C78F-444E-9F3B-1544593DA0C9}"
EndProject
Project("{FAE04EC0-301F-11D3-BF4B-00C04F79EFBC}") = "37ClassesRectangle", "37ClassesRectangle\37ClassesRectangle.csproj", "{84C09A92-776C-4258-8227-4AA87448EE6D}"
EndProject
Project("{FAE04EC0-301F-11D3-BF4B-00C04F79EFBC}") = "38ClassesReview", "38ClassesReview\38ClassesReview.csproj", "{FD36367F-75F8-4C26-ABE3-A1CAEF32ABFE}"
EndProject
Project("{FAE04EC0-301F-11D3-BF4B-00C04F79EFBC}") = "39PhoneNumberClass", "39PhoneNumberClass\39PhoneNumberClass.csproj", "{09E89A49-C74C-468F-8060-BC90654FFDDA}"
EndProject
Project("{FAE04EC0-301F-11D3-BF4B-00C04F79EFBC}") = "40EmployeeClass", "40EmployeeClass\40EmployeeClass.csproj", "{2A665916-2DC9-4663-B583-265AF927B1C5}"
EndProject
Project("{FAE04EC0-301F-11D3-BF4B-00C04F79EFBC}") = "42ComputerClass", "42ComputerClass\42ComputerClass.csproj", "{ACA444E1-3A3C-4CD2-8A89-93797C66BEBB}"
EndProject
Project("{FAE04EC0-301F-11D3-BF4B-00C04F79EFBC}") = "41Struct", "41Struct\41Struct.csproj", "{4ACC7F5A-7F3B-4EC0-9C46-1293A03FF015}"
EndProject
Project("{FAE04EC0-301F-11D3-BF4B-00C04F79EFBC}") = "43Enumerations", "43Enumerations\43Enumerations.csproj", "{95B33463-AF1F-49B7-A0E4-CE7D76758050}"
EndProject
Project("{FAE04EC0-301F-11D3-BF4B-00C04F79EFBC}") = "44Namespace", "44Namespace\44Namespace.csproj", "{2FBB5F0F-CE70-40BE-8615-540B402DF59E}"
EndProject
Project("{FAE04EC0-301F-11D3-BF4B-00C04F79EFBC}") = "45NamespaceApplication", "45NamespaceApplication\45NamespaceApplication.csproj", "{E1EDBC29-BB7E-4F38-A25C-BF83EA2DFDB8}"
EndProject
Project("{FAE04EC0-301F-11D3-BF4B-00C04F79EFBC}") = "46Inheritance", "46Inheritance\46Inheritance.csproj", "{0D47ED42-5300-4AD0-A136-AFB4D1BD11EF}"
EndProject
Project("{FAE04EC0-301F-11D3-BF4B-00C04F79EFBC}") = "47RealEstatePolymorphism", "47RealEstatePolymorphism\47RealEstatePolymorphism.csproj", "{2055D33C-5961-4F16-ADD4-36748E1AAB08}"
EndProject
Project("{FAE04EC0-301F-11D3-BF4B-00C04F79EFBC}") = "48StudentTracking", "48StudentTracking\48StudentTracking.csproj", "{F194555B-3575-4532-BECF-4D8EF6E9FF86}"
EndProject
Project("{FAE04EC0-301F-11D3-BF4B-00C04F79EFBC}") = "49Abstract2", "49Abstract2\49Abstract2.csproj", "{70E0DF58-8660-4BA8-AB9F-ABEB2D5E16BF}"
EndProject
Project("{FAE04EC0-301F-11D3-BF4B-00C04F79EFBC}") = "50RandomNumberPackage", "50RandomNumberPackage\50RandomNumberPackage.csproj", "{72C0B123-0284-47BD-AFD7-8094EC36360F}"
EndProject
Project("{FAE04EC0-301F-11D3-BF4B-00C04F79EFBC}") = "51EmployeeAbstract", "51EmployeeAbstract\51EmployeeAbstract.csproj", "{A703EB97-15CE-4420-8968-48115CCF5AF4}"
EndProject
Project("{FAE04EC0-301F-11D3-BF4B-00C04F79EFBC}") = "52ConfigAbstract", "52ConfigAbstract\52ConfigAbstract.csproj", "{B4D5FF48-3766-4EEA-9F7A-516B8F32F1BB}"
EndProject
Project("{FAE04EC0-301F-11D3-BF4B-00C04F79EFBC}") = "53ExceptionHandling", "53ExceptionHandling\53ExceptionHandling.csproj", "{4E0E594D-7D57-45C1-9B82-ECDCA4B78A69}"
EndProject
Project("{FAE04EC0-301F-11D3-BF4B-00C04F79EFBC}") = "54ExceptionArray", "54ExceptionArray\54ExceptionArray.csproj", "{0531C1F6-694B-499E-A49A-0D339D708F9F}"
EndProject
Project("{FAE04EC0-301F-11D3-BF4B-00C04F79EFBC}") = "55NestedTryCatch", "55NestedTryCatch\55NestedTryCatch.csproj", "{908919DE-8B6A-4C45-8CF6-196884FE3ABE}"
EndProject
Project("{FAE04EC0-301F-11D3-BF4B-00C04F79EFBC}") = "56CustomException", "56CustomException\56CustomException.csproj", "{B9F017A3-2C20-43EA-A0C7-AB59D5662A84}"
EndProject
Project("{FAE04EC0-301F-11D3-BF4B-00C04F79EFBC}") = "57DistanceException", "57DistanceException\57DistanceException.csproj", "{82A9F921-92EC-473B-A5A4-318C0916554C}"
EndProject
Project("{FAE04EC0-301F-11D3-BF4B-00C04F79EFBC}") = "58ExamQuestion", "58ExamQuestion\58ExamQuestion.csproj", "{4ED4F20A-00AA-4EEC-90AA-378D3188839B}"
EndProject
Project("{FAE04EC0-301F-11D3-BF4B-00C04F79EFBC}") = "59PartialClass", "59PartialClass\59PartialClass.csproj", "{5069945A-845A-4E14-B73A-0944A045A91D}"
EndProject
Project("{FAE04EC0-301F-11D3-BF4B-00C04F79EFBC}") = "60Delegates", "60Delegates\60Delegates.csproj", "{918669D7-4B63-4EFB-A5B3-AA227EDBDD9E}"
EndProject
Project("{FAE04EC0-301F-11D3-BF4B-00C04F79EFBC}") = "61DelegateSearch", "61DelegateSearch\61DelegateSearch.csproj", "{C0725E44-32C6-4B0F-AF76-CF91FBB37911}"
EndProject
Project("{FAE04EC0-301F-11D3-BF4B-00C04F79EFBC}") = "62DelegateSorting", "62DelegateSorting\62DelegateSorting.csproj", "{4D6948C9-EEA1-4340-B59F-2E291AEA69BC}"
EndProject
Project("{FAE04EC0-301F-11D3-BF4B-00C04F79EFBC}") = "63MultiMethodDelegate", "63MultiMethodDelegate\63MultiMethodDelegate.csproj", "{F410E07C-466F-46B4-BFEA-AD2496C2D2DD}"
EndProject
Project("{FAE04EC0-301F-11D3-BF4B-00C04F79EFBC}") = "64DelegateEvent", "64DelegateEvent\64DelegateEvent.csproj", "{639E0304-7DC3-48B4-B5BD-6B71085D9E2D}"
EndProject
Project("{FAE04EC0-301F-11D3-BF4B-00C04F79EFBC}") = "65EventExample", "65EventExample\65EventExample.csproj", "{1CEE902F-CCC2-42EB-8B59-54BF4E75ED05}"
EndProject
Project("{FAE04EC0-301F-11D3-BF4B-00C04F79EFBC}") = "66Generics", "66Generics\66Generics.csproj", "{B49D3678-470E-4E99-ACE9-437D82FC8955}"
EndProject
Project("{FAE04EC0-301F-11D3-BF4B-00C04F79EFBC}") = "67GenericDelegates", "67GenericDelegates\67GenericDelegates.csproj", "{F6BEC65A-29D0-4AB5-9C37-7F598CAE07D7}"
EndProject
Project("{FAE04EC0-301F-11D3-BF4B-00C04F79EFBC}") = "68NullableGenerics", "68NullableGenerics\68NullableGenerics.csproj", "{E2712B07-0601-4FE8-BBFE-8398B4759ADF}"
EndProject
Project("{FAE04EC0-301F-11D3-BF4B-00C04F79EFBC}") = "69Collections", "69Collections\69Collections.csproj", "{4E94333B-5ADE-410B-96C8-FA108F38F0DE}"
EndProject
Project("{FAE04EC0-301F-11D3-BF4B-00C04F79EFBC}") = "70GenericDefault", "70GenericDefault\70GenericDefault.csproj", "{6FCA49F2-857F-475D-86C6-8E68BD51E3E7}"
EndProject
Project("{FAE04EC0-301F-11D3-BF4B-00C04F79EFBC}") = "71GenericDelegates", "71GenericDelegates\71GenericDelegates.csproj", "{0326260E-9C16-47C1-9070-1347E305C8AF}"
EndProject
Project("{FAE04EC0-301F-11D3-BF4B-00C04F79EFBC}") = "72MultiThreadApplication", "72MultiThreadApplication\72MultiThreadApplication.csproj", "{0FAC9508-5F87-4714-846D-16504FE5AB32}"
EndProject
Project("{FAE04EC0-301F-11D3-BF4B-00C04F79EFBC}") = "01DataTypes", "01DataTypes\01DataTypes.csproj", "{892104B0-B2F9-45C2-8CE5-F0E56306AAA2}"
EndProject
Project("{FAE04EC0-301F-11D3-BF4B-00C04F79EFBC}") = "02TypeConversion", "02TypeConversion\02TypeConversion.csproj", "{E3A68375-D0F7-4C61-8119-49F6DA1246D8}"
EndProject
Project("{FAE04EC0-301F-11D3-BF4B-00C04F79EFBC}") = "03Operators", "03Operators\03Operators.csproj", "{AE3FB7AE-9EA9-414B-B66A-7A4130AC4110}"
EndProject
Project("{FAE04EC0-301F-11D3-BF4B-00C04F79EFBC}") = "04Conditionals", "04Conditionals\04Conditionals.csproj", "{BEB5D80F-37BA-4932-8A46-64350374D87D}"
EndProject
Project("{FAE04EC0-301F-11D3-BF4B-00C04F79EFBC}") = "05ElectricBillCondition", "05ElectricBillCondition\05ElectricBillCondition.csproj", "{06D3AEB9-4A8D-4B53-9F45-46D4101DF00D}"
EndProject
Project("{FAE04EC0-301F-11D3-BF4B-00C04F79EFBC}") = "06IfTriangleTypes", "06IfTriangleTypes\06IfTriangleTypes.csproj", "{667BD206-9F3A-4860-817E-16FC982CFD76}"
EndProject
Global
	GlobalSection(SolutionConfigurationPlatforms) = preSolution
		Debug|Any CPU = Debug|Any CPU
		Release|Any CPU = Release|Any CPU
	EndGlobalSection
	GlobalSection(ProjectConfigurationPlatforms) = postSolution
		{1FB88892-7D9E-44CC-8530-D63B57AB1EFE}.Debug|Any CPU.ActiveCfg = Debug|Any CPU
		{1FB88892-7D9E-44CC-8530-D63B57AB1EFE}.Debug|Any CPU.Build.0 = Debug|Any CPU
		{1FB88892-7D9E-44CC-8530-D63B57AB1EFE}.Release|Any CPU.ActiveCfg = Release|Any CPU
		{1FB88892-7D9E-44CC-8530-D63B57AB1EFE}.Release|Any CPU.Build.0 = Release|Any CPU
		{7031F49E-B0C0-4174-8FBD-98EDA65369BB}.Debug|Any CPU.ActiveCfg = Debug|Any CPU
		{7031F49E-B0C0-4174-8FBD-98EDA65369BB}.Debug|Any CPU.Build.0 = Debug|Any CPU
		{7031F49E-B0C0-4174-8FBD-98EDA65369BB}.Release|Any CPU.ActiveCfg = Release|Any CPU
		{7031F49E-B0C0-4174-8FBD-98EDA65369BB}.Release|Any CPU.Build.0 = Release|Any CPU
		{A0AA9F29-16BC-4857-9131-710AF44BC627}.Debug|Any CPU.ActiveCfg = Debug|Any CPU
		{A0AA9F29-16BC-4857-9131-710AF44BC627}.Debug|Any CPU.Build.0 = Debug|Any CPU
		{A0AA9F29-16BC-4857-9131-710AF44BC627}.Release|Any CPU.ActiveCfg = Release|Any CPU
		{A0AA9F29-16BC-4857-9131-710AF44BC627}.Release|Any CPU.Build.0 = Release|Any CPU
		{1D8B32A0-0AC6-4663-BA46-B83819B20D99}.Debug|Any CPU.ActiveCfg = Debug|Any CPU
		{1D8B32A0-0AC6-4663-BA46-B83819B20D99}.Debug|Any CPU.Build.0 = Debug|Any CPU
		{1D8B32A0-0AC6-4663-BA46-B83819B20D99}.Release|Any CPU.ActiveCfg = Release|Any CPU
		{1D8B32A0-0AC6-4663-BA46-B83819B20D99}.Release|Any CPU.Build.0 = Release|Any CPU
		{A95EBDEC-C300-4244-8D77-F364C38A6030}.Debug|Any CPU.ActiveCfg = Debug|Any CPU
		{A95EBDEC-C300-4244-8D77-F364C38A6030}.Debug|Any CPU.Build.0 = Debug|Any CPU
		{A95EBDEC-C300-4244-8D77-F364C38A6030}.Release|Any CPU.ActiveCfg = Release|Any CPU
		{A95EBDEC-C300-4244-8D77-F364C38A6030}.Release|Any CPU.Build.0 = Release|Any CPU
		{D81FF9FE-FA31-40F8-97CA-3F890957C954}.Debug|Any CPU.ActiveCfg = Debug|Any CPU
		{D81FF9FE-FA31-40F8-97CA-3F890957C954}.Debug|Any CPU.Build.0 = Debug|Any CPU
		{D81FF9FE-FA31-40F8-97CA-3F890957C954}.Release|Any CPU.ActiveCfg = Release|Any CPU
		{D81FF9FE-FA31-40F8-97CA-3F890957C954}.Release|Any CPU.Build.0 = Release|Any CPU
		{DD47501E-D566-4805-BCDD-3CEEC9F40E60}.Debug|Any CPU.ActiveCfg = Debug|Any CPU
		{DD47501E-D566-4805-BCDD-3CEEC9F40E60}.Debug|Any CPU.Build.0 = Debug|Any CPU
		{DD47501E-D566-4805-BCDD-3CEEC9F40E60}.Release|Any CPU.ActiveCfg = Release|Any CPU
		{DD47501E-D566-4805-BCDD-3CEEC9F40E60}.Release|Any CPU.Build.0 = Release|Any CPU
		{7F885305-79F3-4322-B374-4B472A9597B8}.Debug|Any CPU.ActiveCfg = Debug|Any CPU
		{7F885305-79F3-4322-B374-4B472A9597B8}.Debug|Any CPU.Build.0 = Debug|Any CPU
		{7F885305-79F3-4322-B374-4B472A9597B8}.Release|Any CPU.ActiveCfg = Release|Any CPU
		{7F885305-79F3-4322-B374-4B472A9597B8}.Release|Any CPU.Build.0 = Release|Any CPU
		{E871902D-1EB7-4BEF-BC6C-DB02ED2DB84C}.Debug|Any CPU.ActiveCfg = Debug|Any CPU
		{E871902D-1EB7-4BEF-BC6C-DB02ED2DB84C}.Debug|Any CPU.Build.0 = Debug|Any CPU
		{E871902D-1EB7-4BEF-BC6C-DB02ED2DB84C}.Release|Any CPU.ActiveCfg = Release|Any CPU
		{E871902D-1EB7-4BEF-BC6C-DB02ED2DB84C}.Release|Any CPU.Build.0 = Release|Any CPU
		{397FD9E3-688E-4B49-B685-C9DE53B471DC}.Debug|Any CPU.ActiveCfg = Debug|Any CPU
		{397FD9E3-688E-4B49-B685-C9DE53B471DC}.Debug|Any CPU.Build.0 = Debug|Any CPU
		{397FD9E3-688E-4B49-B685-C9DE53B471DC}.Release|Any CPU.ActiveCfg = Release|Any CPU
		{397FD9E3-688E-4B49-B685-C9DE53B471DC}.Release|Any CPU.Build.0 = Release|Any CPU
		{6CE72EE4-9B05-47A0-B1B7-C801BC025C40}.Debug|Any CPU.ActiveCfg = Debug|Any CPU
		{6CE72EE4-9B05-47A0-B1B7-C801BC025C40}.Debug|Any CPU.Build.0 = Debug|Any CPU
		{6CE72EE4-9B05-47A0-B1B7-C801BC025C40}.Release|Any CPU.ActiveCfg = Release|Any CPU
		{6CE72EE4-9B05-47A0-B1B7-C801BC025C40}.Release|Any CPU.Build.0 = Release|Any CPU
		{8DDA0F7C-67A6-448D-B628-990ACF81138D}.Debug|Any CPU.ActiveCfg = Debug|Any CPU
		{8DDA0F7C-67A6-448D-B628-990ACF81138D}.Debug|Any CPU.Build.0 = Debug|Any CPU
		{8DDA0F7C-67A6-448D-B628-990ACF81138D}.Release|Any CPU.ActiveCfg = Release|Any CPU
		{8DDA0F7C-67A6-448D-B628-990ACF81138D}.Release|Any CPU.Build.0 = Release|Any CPU
		{B918D5DD-4463-4585-B77B-778257102AA3}.Debug|Any CPU.ActiveCfg = Debug|Any CPU
		{B918D5DD-4463-4585-B77B-778257102AA3}.Debug|Any CPU.Build.0 = Debug|Any CPU
		{B918D5DD-4463-4585-B77B-778257102AA3}.Release|Any CPU.ActiveCfg = Release|Any CPU
		{B918D5DD-4463-4585-B77B-778257102AA3}.Release|Any CPU.Build.0 = Release|Any CPU
		{ACFD12DB-D094-4896-9DCB-72A73D6347EA}.Debug|Any CPU.ActiveCfg = Debug|Any CPU
		{ACFD12DB-D094-4896-9DCB-72A73D6347EA}.Debug|Any CPU.Build.0 = Debug|Any CPU
		{ACFD12DB-D094-4896-9DCB-72A73D6347EA}.Release|Any CPU.ActiveCfg = Release|Any CPU
		{ACFD12DB-D094-4896-9DCB-72A73D6347EA}.Release|Any CPU.Build.0 = Release|Any CPU
		{B991A49D-ABB7-4D40-BE9B-A6A8EA83B419}.Debug|Any CPU.ActiveCfg = Debug|Any CPU
		{B991A49D-ABB7-4D40-BE9B-A6A8EA83B419}.Debug|Any CPU.Build.0 = Debug|Any CPU
		{B991A49D-ABB7-4D40-BE9B-A6A8EA83B419}.Release|Any CPU.ActiveCfg = Release|Any CPU
		{B991A49D-ABB7-4D40-BE9B-A6A8EA83B419}.Release|Any CPU.Build.0 = Release|Any CPU
		{2978AD73-4E38-406F-BD98-F10AD6743526}.Debug|Any CPU.ActiveCfg = Debug|Any CPU
		{2978AD73-4E38-406F-BD98-F10AD6743526}.Debug|Any CPU.Build.0 = Debug|Any CPU
		{2978AD73-4E38-406F-BD98-F10AD6743526}.Release|Any CPU.ActiveCfg = Release|Any CPU
		{2978AD73-4E38-406F-BD98-F10AD6743526}.Release|Any CPU.Build.0 = Release|Any CPU
		{409F5598-8215-4D26-A994-7FBD521BC059}.Debug|Any CPU.ActiveCfg = Debug|Any CPU
		{409F5598-8215-4D26-A994-7FBD521BC059}.Debug|Any CPU.Build.0 = Debug|Any CPU
		{409F5598-8215-4D26-A994-7FBD521BC059}.Release|Any CPU.ActiveCfg = Release|Any CPU
		{409F5598-8215-4D26-A994-7FBD521BC059}.Release|Any CPU.Build.0 = Release|Any CPU
		{B643AE93-54C2-4957-AB94-2FC3A5791501}.Debug|Any CPU.ActiveCfg = Debug|Any CPU
		{B643AE93-54C2-4957-AB94-2FC3A5791501}.Debug|Any CPU.Build.0 = Debug|Any CPU
		{B643AE93-54C2-4957-AB94-2FC3A5791501}.Release|Any CPU.ActiveCfg = Release|Any CPU
		{B643AE93-54C2-4957-AB94-2FC3A5791501}.Release|Any CPU.Build.0 = Release|Any CPU
		{4E14AB65-8EA0-4AF9-834C-0CE33E266A07}.Debug|Any CPU.ActiveCfg = Debug|Any CPU
		{4E14AB65-8EA0-4AF9-834C-0CE33E266A07}.Debug|Any CPU.Build.0 = Debug|Any CPU
		{4E14AB65-8EA0-4AF9-834C-0CE33E266A07}.Release|Any CPU.ActiveCfg = Release|Any CPU
		{4E14AB65-8EA0-4AF9-834C-0CE33E266A07}.Release|Any CPU.Build.0 = Release|Any CPU
		{1AEB7040-3D62-4E34-8A34-E9DE3AEE68E4}.Debug|Any CPU.ActiveCfg = Debug|Any CPU
		{1AEB7040-3D62-4E34-8A34-E9DE3AEE68E4}.Debug|Any CPU.Build.0 = Debug|Any CPU
		{1AEB7040-3D62-4E34-8A34-E9DE3AEE68E4}.Release|Any CPU.ActiveCfg = Release|Any CPU
		{1AEB7040-3D62-4E34-8A34-E9DE3AEE68E4}.Release|Any CPU.Build.0 = Release|Any CPU
		{6B4554CE-4079-4A50-ADA0-0CD95AC7E91D}.Debug|Any CPU.ActiveCfg = Debug|Any CPU
		{6B4554CE-4079-4A50-ADA0-0CD95AC7E91D}.Debug|Any CPU.Build.0 = Debug|Any CPU
		{6B4554CE-4079-4A50-ADA0-0CD95AC7E91D}.Release|Any CPU.ActiveCfg = Release|Any CPU
		{6B4554CE-4079-4A50-ADA0-0CD95AC7E91D}.Release|Any CPU.Build.0 = Release|Any CPU
		{8F1E1070-6821-4D5C-A46B-1059153FE907}.Debug|Any CPU.ActiveCfg = Debug|Any CPU
		{8F1E1070-6821-4D5C-A46B-1059153FE907}.Debug|Any CPU.Build.0 = Debug|Any CPU
		{8F1E1070-6821-4D5C-A46B-1059153FE907}.Release|Any CPU.ActiveCfg = Release|Any CPU
		{8F1E1070-6821-4D5C-A46B-1059153FE907}.Release|Any CPU.Build.0 = Release|Any CPU
		{A7404F8C-686C-4332-81BF-BD18C7A9FCCF}.Debug|Any CPU.ActiveCfg = Debug|Any CPU
		{A7404F8C-686C-4332-81BF-BD18C7A9FCCF}.Debug|Any CPU.Build.0 = Debug|Any CPU
		{A7404F8C-686C-4332-81BF-BD18C7A9FCCF}.Release|Any CPU.ActiveCfg = Release|Any CPU
		{A7404F8C-686C-4332-81BF-BD18C7A9FCCF}.Release|Any CPU.Build.0 = Release|Any CPU
		{E7A2214B-2628-4478-8E88-F140C3B6C3D0}.Debug|Any CPU.ActiveCfg = Debug|Any CPU
		{E7A2214B-2628-4478-8E88-F140C3B6C3D0}.Debug|Any CPU.Build.0 = Debug|Any CPU
		{E7A2214B-2628-4478-8E88-F140C3B6C3D0}.Release|Any CPU.ActiveCfg = Release|Any CPU
		{E7A2214B-2628-4478-8E88-F140C3B6C3D0}.Release|Any CPU.Build.0 = Release|Any CPU
		{12D13623-FB40-4610-9F63-6AEFB4700950}.Debug|Any CPU.ActiveCfg = Debug|Any CPU
		{12D13623-FB40-4610-9F63-6AEFB4700950}.Debug|Any CPU.Build.0 = Debug|Any CPU
		{12D13623-FB40-4610-9F63-6AEFB4700950}.Release|Any CPU.ActiveCfg = Release|Any CPU
		{12D13623-FB40-4610-9F63-6AEFB4700950}.Release|Any CPU.Build.0 = Release|Any CPU
		{03E9E987-8F74-4411-9D58-ECC81BBA774C}.Debug|Any CPU.ActiveCfg = Debug|Any CPU
		{03E9E987-8F74-4411-9D58-ECC81BBA774C}.Debug|Any CPU.Build.0 = Debug|Any CPU
		{03E9E987-8F74-4411-9D58-ECC81BBA774C}.Release|Any CPU.ActiveCfg = Release|Any CPU
		{03E9E987-8F74-4411-9D58-ECC81BBA774C}.Release|Any CPU.Build.0 = Release|Any CPU
		{D0B535B5-B8CA-4A68-B14D-C87634224289}.Debug|Any CPU.ActiveCfg = Debug|Any CPU
		{D0B535B5-B8CA-4A68-B14D-C87634224289}.Debug|Any CPU.Build.0 = Debug|Any CPU
		{D0B535B5-B8CA-4A68-B14D-C87634224289}.Release|Any CPU.ActiveCfg = Release|Any CPU
		{D0B535B5-B8CA-4A68-B14D-C87634224289}.Release|Any CPU.Build.0 = Release|Any CPU
		{55528E61-A667-4112-A98D-F357DCF2C465}.Debug|Any CPU.ActiveCfg = Debug|Any CPU
		{55528E61-A667-4112-A98D-F357DCF2C465}.Debug|Any CPU.Build.0 = Debug|Any CPU
		{55528E61-A667-4112-A98D-F357DCF2C465}.Release|Any CPU.ActiveCfg = Release|Any CPU
		{55528E61-A667-4112-A98D-F357DCF2C465}.Release|Any CPU.Build.0 = Release|Any CPU
		{00123577-3257-4FA8-8615-C2F4AF7EAB9A}.Debug|Any CPU.ActiveCfg = Debug|Any CPU
		{00123577-3257-4FA8-8615-C2F4AF7EAB9A}.Debug|Any CPU.Build.0 = Debug|Any CPU
		{00123577-3257-4FA8-8615-C2F4AF7EAB9A}.Release|Any CPU.ActiveCfg = Release|Any CPU
		{00123577-3257-4FA8-8615-C2F4AF7EAB9A}.Release|Any CPU.Build.0 = Release|Any CPU
		{FECF9696-C78F-444E-9F3B-1544593DA0C9}.Debug|Any CPU.ActiveCfg = Debug|Any CPU
		{FECF9696-C78F-444E-9F3B-1544593DA0C9}.Debug|Any CPU.Build.0 = Debug|Any CPU
		{FECF9696-C78F-444E-9F3B-1544593DA0C9}.Release|Any CPU.ActiveCfg = Release|Any CPU
		{FECF9696-C78F-444E-9F3B-1544593DA0C9}.Release|Any CPU.Build.0 = Release|Any CPU
		{84C09A92-776C-4258-8227-4AA87448EE6D}.Debug|Any CPU.ActiveCfg = Debug|Any CPU
		{84C09A92-776C-4258-8227-4AA87448EE6D}.Debug|Any CPU.Build.0 = Debug|Any CPU
		{84C09A92-776C-4258-8227-4AA87448EE6D}.Release|Any CPU.ActiveCfg = Release|Any CPU
		{84C09A92-776C-4258-8227-4AA87448EE6D}.Release|Any CPU.Build.0 = Release|Any CPU
		{FD36367F-75F8-4C26-ABE3-A1CAEF32ABFE}.Debug|Any CPU.ActiveCfg = Debug|Any CPU
		{FD36367F-75F8-4C26-ABE3-A1CAEF32ABFE}.Debug|Any CPU.Build.0 = Debug|Any CPU
		{FD36367F-75F8-4C26-ABE3-A1CAEF32ABFE}.Release|Any CPU.ActiveCfg = Release|Any CPU
		{FD36367F-75F8-4C26-ABE3-A1CAEF32ABFE}.Release|Any CPU.Build.0 = Release|Any CPU
		{09E89A49-C74C-468F-8060-BC90654FFDDA}.Debug|Any CPU.ActiveCfg = Debug|Any CPU
		{09E89A49-C74C-468F-8060-BC90654FFDDA}.Debug|Any CPU.Build.0 = Debug|Any CPU
		{09E89A49-C74C-468F-8060-BC90654FFDDA}.Release|Any CPU.ActiveCfg = Release|Any CPU
		{09E89A49-C74C-468F-8060-BC90654FFDDA}.Release|Any CPU.Build.0 = Release|Any CPU
		{2A665916-2DC9-4663-B583-265AF927B1C5}.Debug|Any CPU.ActiveCfg = Debug|Any CPU
		{2A665916-2DC9-4663-B583-265AF927B1C5}.Debug|Any CPU.Build.0 = Debug|Any CPU
		{2A665916-2DC9-4663-B583-265AF927B1C5}.Release|Any CPU.ActiveCfg = Release|Any CPU
		{2A665916-2DC9-4663-B583-265AF927B1C5}.Release|Any CPU.Build.0 = Release|Any CPU
		{ACA444E1-3A3C-4CD2-8A89-93797C66BEBB}.Debug|Any CPU.ActiveCfg = Debug|Any CPU
		{ACA444E1-3A3C-4CD2-8A89-93797C66BEBB}.Debug|Any CPU.Build.0 = Debug|Any CPU
		{ACA444E1-3A3C-4CD2-8A89-93797C66BEBB}.Release|Any CPU.ActiveCfg = Release|Any CPU
		{ACA444E1-3A3C-4CD2-8A89-93797C66BEBB}.Release|Any CPU.Build.0 = Release|Any CPU
		{4ACC7F5A-7F3B-4EC0-9C46-1293A03FF015}.Debug|Any CPU.ActiveCfg = Debug|Any CPU
		{4ACC7F5A-7F3B-4EC0-9C46-1293A03FF015}.Debug|Any CPU.Build.0 = Debug|Any CPU
		{4ACC7F5A-7F3B-4EC0-9C46-1293A03FF015}.Release|Any CPU.ActiveCfg = Release|Any CPU
		{4ACC7F5A-7F3B-4EC0-9C46-1293A03FF015}.Release|Any CPU.Build.0 = Release|Any CPU
		{95B33463-AF1F-49B7-A0E4-CE7D76758050}.Debug|Any CPU.ActiveCfg = Debug|Any CPU
		{95B33463-AF1F-49B7-A0E4-CE7D76758050}.Debug|Any CPU.Build.0 = Debug|Any CPU
		{95B33463-AF1F-49B7-A0E4-CE7D76758050}.Release|Any CPU.ActiveCfg = Release|Any CPU
		{95B33463-AF1F-49B7-A0E4-CE7D76758050}.Release|Any CPU.Build.0 = Release|Any CPU
		{2FBB5F0F-CE70-40BE-8615-540B402DF59E}.Debug|Any CPU.ActiveCfg = Debug|Any CPU
		{2FBB5F0F-CE70-40BE-8615-540B402DF59E}.Debug|Any CPU.Build.0 = Debug|Any CPU
		{2FBB5F0F-CE70-40BE-8615-540B402DF59E}.Release|Any CPU.ActiveCfg = Release|Any CPU
		{2FBB5F0F-CE70-40BE-8615-540B402DF59E}.Release|Any CPU.Build.0 = Release|Any CPU
		{E1EDBC29-BB7E-4F38-A25C-BF83EA2DFDB8}.Debug|Any CPU.ActiveCfg = Debug|Any CPU
		{E1EDBC29-BB7E-4F38-A25C-BF83EA2DFDB8}.Debug|Any CPU.Build.0 = Debug|Any CPU
		{E1EDBC29-BB7E-4F38-A25C-BF83EA2DFDB8}.Release|Any CPU.ActiveCfg = Release|Any CPU
		{E1EDBC29-BB7E-4F38-A25C-BF83EA2DFDB8}.Release|Any CPU.Build.0 = Release|Any CPU
		{0D47ED42-5300-4AD0-A136-AFB4D1BD11EF}.Debug|Any CPU.ActiveCfg = Debug|Any CPU
		{0D47ED42-5300-4AD0-A136-AFB4D1BD11EF}.Debug|Any CPU.Build.0 = Debug|Any CPU
		{0D47ED42-5300-4AD0-A136-AFB4D1BD11EF}.Release|Any CPU.ActiveCfg = Release|Any CPU
		{0D47ED42-5300-4AD0-A136-AFB4D1BD11EF}.Release|Any CPU.Build.0 = Release|Any CPU
		{2055D33C-5961-4F16-ADD4-36748E1AAB08}.Debug|Any CPU.ActiveCfg = Debug|Any CPU
		{2055D33C-5961-4F16-ADD4-36748E1AAB08}.Debug|Any CPU.Build.0 = Debug|Any CPU
		{2055D33C-5961-4F16-ADD4-36748E1AAB08}.Release|Any CPU.ActiveCfg = Release|Any CPU
		{2055D33C-5961-4F16-ADD4-36748E1AAB08}.Release|Any CPU.Build.0 = Release|Any CPU
		{F194555B-3575-4532-BECF-4D8EF6E9FF86}.Debug|Any CPU.ActiveCfg = Debug|Any CPU
		{F194555B-3575-4532-BECF-4D8EF6E9FF86}.Debug|Any CPU.Build.0 = Debug|Any CPU
		{F194555B-3575-4532-BECF-4D8EF6E9FF86}.Release|Any CPU.ActiveCfg = Release|Any CPU
		{F194555B-3575-4532-BECF-4D8EF6E9FF86}.Release|Any CPU.Build.0 = Release|Any CPU
		{70E0DF58-8660-4BA8-AB9F-ABEB2D5E16BF}.Debug|Any CPU.ActiveCfg = Debug|Any CPU
		{70E0DF58-8660-4BA8-AB9F-ABEB2D5E16BF}.Debug|Any CPU.Build.0 = Debug|Any CPU
		{70E0DF58-8660-4BA8-AB9F-ABEB2D5E16BF}.Release|Any CPU.ActiveCfg = Release|Any CPU
		{70E0DF58-8660-4BA8-AB9F-ABEB2D5E16BF}.Release|Any CPU.Build.0 = Release|Any CPU
		{72C0B123-0284-47BD-AFD7-8094EC36360F}.Debug|Any CPU.ActiveCfg = Debug|Any CPU
		{72C0B123-0284-47BD-AFD7-8094EC36360F}.Debug|Any CPU.Build.0 = Debug|Any CPU
		{72C0B123-0284-47BD-AFD7-8094EC36360F}.Release|Any CPU.ActiveCfg = Release|Any CPU
		{72C0B123-0284-47BD-AFD7-8094EC36360F}.Release|Any CPU.Build.0 = Release|Any CPU
		{A703EB97-15CE-4420-8968-48115CCF5AF4}.Debug|Any CPU.ActiveCfg = Debug|Any CPU
		{A703EB97-15CE-4420-8968-48115CCF5AF4}.Debug|Any CPU.Build.0 = Debug|Any CPU
		{A703EB97-15CE-4420-8968-48115CCF5AF4}.Release|Any CPU.ActiveCfg = Release|Any CPU
		{A703EB97-15CE-4420-8968-48115CCF5AF4}.Release|Any CPU.Build.0 = Release|Any CPU
		{B4D5FF48-3766-4EEA-9F7A-516B8F32F1BB}.Debug|Any CPU.ActiveCfg = Debug|Any CPU
		{B4D5FF48-3766-4EEA-9F7A-516B8F32F1BB}.Debug|Any CPU.Build.0 = Debug|Any CPU
		{B4D5FF48-3766-4EEA-9F7A-516B8F32F1BB}.Release|Any CPU.ActiveCfg = Release|Any CPU
		{B4D5FF48-3766-4EEA-9F7A-516B8F32F1BB}.Release|Any CPU.Build.0 = Release|Any CPU
		{4E0E594D-7D57-45C1-9B82-ECDCA4B78A69}.Debug|Any CPU.ActiveCfg = Debug|Any CPU
		{4E0E594D-7D57-45C1-9B82-ECDCA4B78A69}.Debug|Any CPU.Build.0 = Debug|Any CPU
		{4E0E594D-7D57-45C1-9B82-ECDCA4B78A69}.Release|Any CPU.ActiveCfg = Release|Any CPU
		{4E0E594D-7D57-45C1-9B82-ECDCA4B78A69}.Release|Any CPU.Build.0 = Release|Any CPU
		{0531C1F6-694B-499E-A49A-0D339D708F9F}.Debug|Any CPU.ActiveCfg = Debug|Any CPU
		{0531C1F6-694B-499E-A49A-0D339D708F9F}.Debug|Any CPU.Build.0 = Debug|Any CPU
		{0531C1F6-694B-499E-A49A-0D339D708F9F}.Release|Any CPU.ActiveCfg = Release|Any CPU
		{0531C1F6-694B-499E-A49A-0D339D708F9F}.Release|Any CPU.Build.0 = Release|Any CPU
		{908919DE-8B6A-4C45-8CF6-196884FE3ABE}.Debug|Any CPU.ActiveCfg = Debug|Any CPU
		{908919DE-8B6A-4C45-8CF6-196884FE3ABE}.Debug|Any CPU.Build.0 = Debug|Any CPU
		{908919DE-8B6A-4C45-8CF6-196884FE3ABE}.Release|Any CPU.ActiveCfg = Release|Any CPU
		{908919DE-8B6A-4C45-8CF6-196884FE3ABE}.Release|Any CPU.Build.0 = Release|Any CPU
		{B9F017A3-2C20-43EA-A0C7-AB59D5662A84}.Debug|Any CPU.ActiveCfg = Debug|Any CPU
		{B9F017A3-2C20-43EA-A0C7-AB59D5662A84}.Debug|Any CPU.Build.0 = Debug|Any CPU
		{B9F017A3-2C20-43EA-A0C7-AB59D5662A84}.Release|Any CPU.ActiveCfg = Release|Any CPU
		{B9F017A3-2C20-43EA-A0C7-AB59D5662A84}.Release|Any CPU.Build.0 = Release|Any CPU
		{82A9F921-92EC-473B-A5A4-318C0916554C}.Debug|Any CPU.ActiveCfg = Debug|Any CPU
		{82A9F921-92EC-473B-A5A4-318C0916554C}.Debug|Any CPU.Build.0 = Debug|Any CPU
		{82A9F921-92EC-473B-A5A4-318C0916554C}.Release|Any CPU.ActiveCfg = Release|Any CPU
		{82A9F921-92EC-473B-A5A4-318C0916554C}.Release|Any CPU.Build.0 = Release|Any CPU
		{4ED4F20A-00AA-4EEC-90AA-378D3188839B}.Debug|Any CPU.ActiveCfg = Debug|Any CPU
		{4ED4F20A-00AA-4EEC-90AA-378D3188839B}.Debug|Any CPU.Build.0 = Debug|Any CPU
		{4ED4F20A-00AA-4EEC-90AA-378D3188839B}.Release|Any CPU.ActiveCfg = Release|Any CPU
		{4ED4F20A-00AA-4EEC-90AA-378D3188839B}.Release|Any CPU.Build.0 = Release|Any CPU
		{5069945A-845A-4E14-B73A-0944A045A91D}.Debug|Any CPU.ActiveCfg = Debug|Any CPU
		{5069945A-845A-4E14-B73A-0944A045A91D}.Debug|Any CPU.Build.0 = Debug|Any CPU
		{5069945A-845A-4E14-B73A-0944A045A91D}.Release|Any CPU.ActiveCfg = Release|Any CPU
		{5069945A-845A-4E14-B73A-0944A045A91D}.Release|Any CPU.Build.0 = Release|Any CPU
		{918669D7-4B63-4EFB-A5B3-AA227EDBDD9E}.Debug|Any CPU.ActiveCfg = Debug|Any CPU
		{918669D7-4B63-4EFB-A5B3-AA227EDBDD9E}.Debug|Any CPU.Build.0 = Debug|Any CPU
		{918669D7-4B63-4EFB-A5B3-AA227EDBDD9E}.Release|Any CPU.ActiveCfg = Release|Any CPU
		{918669D7-4B63-4EFB-A5B3-AA227EDBDD9E}.Release|Any CPU.Build.0 = Release|Any CPU
		{C0725E44-32C6-4B0F-AF76-CF91FBB37911}.Debug|Any CPU.ActiveCfg = Debug|Any CPU
		{C0725E44-32C6-4B0F-AF76-CF91FBB37911}.Debug|Any CPU.Build.0 = Debug|Any CPU
		{C0725E44-32C6-4B0F-AF76-CF91FBB37911}.Release|Any CPU.ActiveCfg = Release|Any CPU
		{C0725E44-32C6-4B0F-AF76-CF91FBB37911}.Release|Any CPU.Build.0 = Release|Any CPU
		{4D6948C9-EEA1-4340-B59F-2E291AEA69BC}.Debug|Any CPU.ActiveCfg = Debug|Any CPU
		{4D6948C9-EEA1-4340-B59F-2E291AEA69BC}.Debug|Any CPU.Build.0 = Debug|Any CPU
		{4D6948C9-EEA1-4340-B59F-2E291AEA69BC}.Release|Any CPU.ActiveCfg = Release|Any CPU
		{4D6948C9-EEA1-4340-B59F-2E291AEA69BC}.Release|Any CPU.Build.0 = Release|Any CPU
		{F410E07C-466F-46B4-BFEA-AD2496C2D2DD}.Debug|Any CPU.ActiveCfg = Debug|Any CPU
		{F410E07C-466F-46B4-BFEA-AD2496C2D2DD}.Debug|Any CPU.Build.0 = Debug|Any CPU
		{F410E07C-466F-46B4-BFEA-AD2496C2D2DD}.Release|Any CPU.ActiveCfg = Release|Any CPU
		{F410E07C-466F-46B4-BFEA-AD2496C2D2DD}.Release|Any CPU.Build.0 = Release|Any CPU
		{639E0304-7DC3-48B4-B5BD-6B71085D9E2D}.Debug|Any CPU.ActiveCfg = Debug|Any CPU
		{639E0304-7DC3-48B4-B5BD-6B71085D9E2D}.Debug|Any CPU.Build.0 = Debug|Any CPU
		{639E0304-7DC3-48B4-B5BD-6B71085D9E2D}.Release|Any CPU.ActiveCfg = Release|Any CPU
		{639E0304-7DC3-48B4-B5BD-6B71085D9E2D}.Release|Any CPU.Build.0 = Release|Any CPU
		{1CEE902F-CCC2-42EB-8B59-54BF4E75ED05}.Debug|Any CPU.ActiveCfg = Debug|Any CPU
		{1CEE902F-CCC2-42EB-8B59-54BF4E75ED05}.Debug|Any CPU.Build.0 = Debug|Any CPU
		{1CEE902F-CCC2-42EB-8B59-54BF4E75ED05}.Release|Any CPU.ActiveCfg = Release|Any CPU
		{1CEE902F-CCC2-42EB-8B59-54BF4E75ED05}.Release|Any CPU.Build.0 = Release|Any CPU
		{B49D3678-470E-4E99-ACE9-437D82FC8955}.Debug|Any CPU.ActiveCfg = Debug|Any CPU
		{B49D3678-470E-4E99-ACE9-437D82FC8955}.Debug|Any CPU.Build.0 = Debug|Any CPU
		{B49D3678-470E-4E99-ACE9-437D82FC8955}.Release|Any CPU.ActiveCfg = Release|Any CPU
		{B49D3678-470E-4E99-ACE9-437D82FC8955}.Release|Any CPU.Build.0 = Release|Any CPU
		{F6BEC65A-29D0-4AB5-9C37-7F598CAE07D7}.Debug|Any CPU.ActiveCfg = Debug|Any CPU
		{F6BEC65A-29D0-4AB5-9C37-7F598CAE07D7}.Debug|Any CPU.Build.0 = Debug|Any CPU
		{F6BEC65A-29D0-4AB5-9C37-7F598CAE07D7}.Release|Any CPU.ActiveCfg = Release|Any CPU
		{F6BEC65A-29D0-4AB5-9C37-7F598CAE07D7}.Release|Any CPU.Build.0 = Release|Any CPU
		{E2712B07-0601-4FE8-BBFE-8398B4759ADF}.Debug|Any CPU.ActiveCfg = Debug|Any CPU
		{E2712B07-0601-4FE8-BBFE-8398B4759ADF}.Debug|Any CPU.Build.0 = Debug|Any CPU
		{E2712B07-0601-4FE8-BBFE-8398B4759ADF}.Release|Any CPU.ActiveCfg = Release|Any CPU
		{E2712B07-0601-4FE8-BBFE-8398B4759ADF}.Release|Any CPU.Build.0 = Release|Any CPU
		{4E94333B-5ADE-410B-96C8-FA108F38F0DE}.Debug|Any CPU.ActiveCfg = Debug|Any CPU
		{4E94333B-5ADE-410B-96C8-FA108F38F0DE}.Debug|Any CPU.Build.0 = Debug|Any CPU
		{4E94333B-5ADE-410B-96C8-FA108F38F0DE}.Release|Any CPU.ActiveCfg = Release|Any CPU
		{4E94333B-5ADE-410B-96C8-FA108F38F0DE}.Release|Any CPU.Build.0 = Release|Any CPU
		{6FCA49F2-857F-475D-86C6-8E68BD51E3E7}.Debug|Any CPU.ActiveCfg = Debug|Any CPU
		{6FCA49F2-857F-475D-86C6-8E68BD51E3E7}.Debug|Any CPU.Build.0 = Debug|Any CPU
		{6FCA49F2-857F-475D-86C6-8E68BD51E3E7}.Release|Any CPU.ActiveCfg = Release|Any CPU
		{6FCA49F2-857F-475D-86C6-8E68BD51E3E7}.Release|Any CPU.Build.0 = Release|Any CPU
		{0326260E-9C16-47C1-9070-1347E305C8AF}.Debug|Any CPU.ActiveCfg = Debug|Any CPU
		{0326260E-9C16-47C1-9070-1347E305C8AF}.Debug|Any CPU.Build.0 = Debug|Any CPU
		{0326260E-9C16-47C1-9070-1347E305C8AF}.Release|Any CPU.ActiveCfg = Release|Any CPU
		{0326260E-9C16-47C1-9070-1347E305C8AF}.Release|Any CPU.Build.0 = Release|Any CPU
		{0FAC9508-5F87-4714-846D-16504FE5AB32}.Debug|Any CPU.ActiveCfg = Debug|Any CPU
		{0FAC9508-5F87-4714-846D-16504FE5AB32}.Debug|Any CPU.Build.0 = Debug|Any CPU
		{0FAC9508-5F87-4714-846D-16504FE5AB32}.Release|Any CPU.ActiveCfg = Release|Any CPU
		{0FAC9508-5F87-4714-846D-16504FE5AB32}.Release|Any CPU.Build.0 = Release|Any CPU
		{892104B0-B2F9-45C2-8CE5-F0E56306AAA2}.Debug|Any CPU.ActiveCfg = Debug|Any CPU
		{892104B0-B2F9-45C2-8CE5-F0E56306AAA2}.Debug|Any CPU.Build.0 = Debug|Any CPU
		{892104B0-B2F9-45C2-8CE5-F0E56306AAA2}.Release|Any CPU.ActiveCfg = Release|Any CPU
		{892104B0-B2F9-45C2-8CE5-F0E56306AAA2}.Release|Any CPU.Build.0 = Release|Any CPU
		{E3A68375-D0F7-4C61-8119-49F6DA1246D8}.Debug|Any CPU.ActiveCfg = Debug|Any CPU
		{E3A68375-D0F7-4C61-8119-49F6DA1246D8}.Debug|Any CPU.Build.0 = Debug|Any CPU
		{E3A68375-D0F7-4C61-8119-49F6DA1246D8}.Release|Any CPU.ActiveCfg = Release|Any CPU
		{E3A68375-D0F7-4C61-8119-49F6DA1246D8}.Release|Any CPU.Build.0 = Release|Any CPU
		{AE3FB7AE-9EA9-414B-B66A-7A4130AC4110}.Debug|Any CPU.ActiveCfg = Debug|Any CPU
		{AE3FB7AE-9EA9-414B-B66A-7A4130AC4110}.Debug|Any CPU.Build.0 = Debug|Any CPU
		{AE3FB7AE-9EA9-414B-B66A-7A4130AC4110}.Release|Any CPU.ActiveCfg = Release|Any CPU
		{AE3FB7AE-9EA9-414B-B66A-7A4130AC4110}.Release|Any CPU.Build.0 = Release|Any CPU
		{BEB5D80F-37BA-4932-8A46-64350374D87D}.Debug|Any CPU.ActiveCfg = Debug|Any CPU
		{BEB5D80F-37BA-4932-8A46-64350374D87D}.Debug|Any CPU.Build.0 = Debug|Any CPU
		{BEB5D80F-37BA-4932-8A46-64350374D87D}.Release|Any CPU.ActiveCfg = Release|Any CPU
		{BEB5D80F-37BA-4932-8A46-64350374D87D}.Release|Any CPU.Build.0 = Release|Any CPU
		{06D3AEB9-4A8D-4B53-9F45-46D4101DF00D}.Debug|Any CPU.ActiveCfg = Debug|Any CPU
		{06D3AEB9-4A8D-4B53-9F45-46D4101DF00D}.Debug|Any CPU.Build.0 = Debug|Any CPU
		{06D3AEB9-4A8D-4B53-9F45-46D4101DF00D}.Release|Any CPU.ActiveCfg = Release|Any CPU
		{06D3AEB9-4A8D-4B53-9F45-46D4101DF00D}.Release|Any CPU.Build.0 = Release|Any CPU
		{667BD206-9F3A-4860-817E-16FC982CFD76}.Debug|Any CPU.ActiveCfg = Debug|Any CPU
		{667BD206-9F3A-4860-817E-16FC982CFD76}.Debug|Any CPU.Build.0 = Debug|Any CPU
		{667BD206-9F3A-4860-817E-16FC982CFD76}.Release|Any CPU.ActiveCfg = Release|Any CPU
		{667BD206-9F3A-4860-817E-16FC982CFD76}.Release|Any CPU.Build.0 = Release|Any CPU
	EndGlobalSection
	GlobalSection(SolutionProperties) = preSolution
		HideSolutionNode = FALSE
	EndGlobalSection
	GlobalSection(ExtensibilityGlobals) = postSolution
		SolutionGuid = {DA3575F8-E7D6-4309-BB68-4B9146072596}
	EndGlobalSection
EndGlobal
